
Microsoft Visual Studio Solution File, Format Version 12.00
Project("{2150E333-8FDC-42A3-9474-1A3956D46DE8}") = "Services", "Services", "{07748A1F-AE89-4090-8F22-BDF34D0FDF48}"
EndProject
Project("{2150E333-8FDC-42A3-9474-1A3956D46DE8}") = "Clients", "Clients", "{841E8D7F-5C7E-40B1-A72C-48A7D6BE48F6}"
EndProject
Project("{2150E333-8FDC-42A3-9474-1A3956D46DE8}") = "BuildingBlocks", "BuildingBlocks", "{525F97B6-8EEA-4D3A-8E23-7689971A6098}"
EndProject
Project("{FAE04EC0-301F-11D3-BF4B-00C04F79EFBC}") = "BuildingBlocks", "src\BuildingBlocks\BuildingBlocks\BuildingBlocks.csproj", "{C94A649C-BA4F-400D-A2CE-B64CC534B843}"
EndProject
Project("{FAE04EC0-301F-11D3-BF4B-00C04F79EFBC}") = "Clients.API", "src\Services\Clients\Clients.API\Clients.API.csproj", "{22F24214-B349-48BA-8DFC-70F71BBAA659}"
EndProject
Project("{2150E333-8FDC-42A3-9474-1A3956D46DE8}") = "SolutionFiles", "SolutionFiles", "{508CB2A8-DD1E-445C-BE81-A275E3FDA57F}"
	ProjectSection(SolutionItems) = preProject
		src\compose.override.yaml = src\compose.override.yaml
		src\compose.yaml = src\compose.yaml
	EndProjectSection
EndProject
Project("{2150E333-8FDC-42A3-9474-1A3956D46DE8}") = "src", "src", "{1D00907F-BB71-49B9-9924-1D9448FFB321}"
EndProject
Project("{2150E333-8FDC-42A3-9474-1A3956D46DE8}") = "tests", "tests", "{368BB2AB-0C5E-4F90-9EFD-F19D419EBFED}"
EndProject
Project("{2150E333-8FDC-42A3-9474-1A3956D46DE8}") = "Services", "Services", "{D0BF360D-D85A-4005-826B-8A894858DB82}"
EndProject
Project("{2150E333-8FDC-42A3-9474-1A3956D46DE8}") = "Clients", "Clients", "{1557480F-BA89-435B-94B3-0E2F2B519B8C}"
EndProject
Project("{FAE04EC0-301F-11D3-BF4B-00C04F79EFBC}") = "Clients.API.UnitTesting", "test\Services\Clients\Clients.API.UnitTesting\Clients.API.UnitTesting.csproj", "{8A70E7A8-DF2A-4391-8B8C-BF708D05CE26}"
EndProject
Project("{2150E333-8FDC-42A3-9474-1A3956D46DE8}") = "Proposal", "Proposal", "{FFFB7E44-3682-40C0-92E6-243322AAD223}"
EndProject
Project("{2150E333-8FDC-42A3-9474-1A3956D46DE8}") = "CreditCard", "CreditCard", "{E0D00701-7CB4-4B7A-A753-2A07218DAD36}"
EndProject
Project("{FAE04EC0-301F-11D3-BF4B-00C04F79EFBC}") = "Proposal.API", "src\Services\Proposal\Proposal.API\Proposal.API.csproj", "{6F5FE3A1-AD7E-4381-AE59-750F63358557}"
EndProject
Project("{FAE04EC0-301F-11D3-BF4B-00C04F79EFBC}") = "CreditCard.API", "src\Services\CreditCard\CreditCard.API\CreditCard.API.csproj", "{CAB6A49A-4994-4E15-A2D8-8D60C451E297}"
EndProject
Project("{2150E333-8FDC-42A3-9474-1A3956D46DE8}") = "ApiGateway", "ApiGateway", "{32F60894-1566-4C33-B72B-742958BFA97E}"
EndProject
Project("{FAE04EC0-301F-11D3-BF4B-00C04F79EFBC}") = "ApiGateway", "src\ApiGateway\ApiGateway\ApiGateway.csproj", "{31E0F7C8-8D0F-4350-962C-33B14C683C6E}"
EndProject
Global
	GlobalSection(SolutionConfigurationPlatforms) = preSolution
		Debug|Any CPU = Debug|Any CPU
		Release|Any CPU = Release|Any CPU
	EndGlobalSection
	GlobalSection(ProjectConfigurationPlatforms) = postSolution
		{C94A649C-BA4F-400D-A2CE-B64CC534B843}.Debug|Any CPU.ActiveCfg = Debug|Any CPU
		{C94A649C-BA4F-400D-A2CE-B64CC534B843}.Debug|Any CPU.Build.0 = Debug|Any CPU
		{C94A649C-BA4F-400D-A2CE-B64CC534B843}.Release|Any CPU.ActiveCfg = Release|Any CPU
		{C94A649C-BA4F-400D-A2CE-B64CC534B843}.Release|Any CPU.Build.0 = Release|Any CPU
		{22F24214-B349-48BA-8DFC-70F71BBAA659}.Debug|Any CPU.ActiveCfg = Debug|Any CPU
		{22F24214-B349-48BA-8DFC-70F71BBAA659}.Debug|Any CPU.Build.0 = Debug|Any CPU
		{22F24214-B349-48BA-8DFC-70F71BBAA659}.Release|Any CPU.ActiveCfg = Release|Any CPU
		{22F24214-B349-48BA-8DFC-70F71BBAA659}.Release|Any CPU.Build.0 = Release|Any CPU
		{8A70E7A8-DF2A-4391-8B8C-BF708D05CE26}.Debug|Any CPU.ActiveCfg = Debug|Any CPU
		{8A70E7A8-DF2A-4391-8B8C-BF708D05CE26}.Debug|Any CPU.Build.0 = Debug|Any CPU
		{8A70E7A8-DF2A-4391-8B8C-BF708D05CE26}.Release|Any CPU.ActiveCfg = Release|Any CPU
		{8A70E7A8-DF2A-4391-8B8C-BF708D05CE26}.Release|Any CPU.Build.0 = Release|Any CPU
		{6F5FE3A1-AD7E-4381-AE59-750F63358557}.Debug|Any CPU.ActiveCfg = Debug|Any CPU
		{6F5FE3A1-AD7E-4381-AE59-750F63358557}.Debug|Any CPU.Build.0 = Debug|Any CPU
		{6F5FE3A1-AD7E-4381-AE59-750F63358557}.Release|Any CPU.ActiveCfg = Release|Any CPU
		{6F5FE3A1-AD7E-4381-AE59-750F63358557}.Release|Any CPU.Build.0 = Release|Any CPU
		{CAB6A49A-4994-4E15-A2D8-8D60C451E297}.Debug|Any CPU.ActiveCfg = Debug|Any CPU
		{CAB6A49A-4994-4E15-A2D8-8D60C451E297}.Debug|Any CPU.Build.0 = Debug|Any CPU
		{CAB6A49A-4994-4E15-A2D8-8D60C451E297}.Release|Any CPU.ActiveCfg = Release|Any CPU
		{CAB6A49A-4994-4E15-A2D8-8D60C451E297}.Release|Any CPU.Build.0 = Release|Any CPU
		{31E0F7C8-8D0F-4350-962C-33B14C683C6E}.Debug|Any CPU.ActiveCfg = Debug|Any CPU
		{31E0F7C8-8D0F-4350-962C-33B14C683C6E}.Debug|Any CPU.Build.0 = Debug|Any CPU
		{31E0F7C8-8D0F-4350-962C-33B14C683C6E}.Release|Any CPU.ActiveCfg = Release|Any CPU
		{31E0F7C8-8D0F-4350-962C-33B14C683C6E}.Release|Any CPU.Build.0 = Release|Any CPU
	EndGlobalSection
	GlobalSection(NestedProjects) = preSolution
		{841E8D7F-5C7E-40B1-A72C-48A7D6BE48F6} = {07748A1F-AE89-4090-8F22-BDF34D0FDF48}
		{C94A649C-BA4F-400D-A2CE-B64CC534B843} = {525F97B6-8EEA-4D3A-8E23-7689971A6098}
		{22F24214-B349-48BA-8DFC-70F71BBAA659} = {841E8D7F-5C7E-40B1-A72C-48A7D6BE48F6}
		{525F97B6-8EEA-4D3A-8E23-7689971A6098} = {1D00907F-BB71-49B9-9924-1D9448FFB321}
		{07748A1F-AE89-4090-8F22-BDF34D0FDF48} = {1D00907F-BB71-49B9-9924-1D9448FFB321}
		{D0BF360D-D85A-4005-826B-8A894858DB82} = {368BB2AB-0C5E-4F90-9EFD-F19D419EBFED}
		{1557480F-BA89-435B-94B3-0E2F2B519B8C} = {D0BF360D-D85A-4005-826B-8A894858DB82}
		{8A70E7A8-DF2A-4391-8B8C-BF708D05CE26} = {1557480F-BA89-435B-94B3-0E2F2B519B8C}
		{FFFB7E44-3682-40C0-92E6-243322AAD223} = {07748A1F-AE89-4090-8F22-BDF34D0FDF48}
		{E0D00701-7CB4-4B7A-A753-2A07218DAD36} = {07748A1F-AE89-4090-8F22-BDF34D0FDF48}
		{6F5FE3A1-AD7E-4381-AE59-750F63358557} = {FFFB7E44-3682-40C0-92E6-243322AAD223}
		{CAB6A49A-4994-4E15-A2D8-8D60C451E297} = {E0D00701-7CB4-4B7A-A753-2A07218DAD36}
		{32F60894-1566-4C33-B72B-742958BFA97E} = {1D00907F-BB71-49B9-9924-1D9448FFB321}
		{31E0F7C8-8D0F-4350-962C-33B14C683C6E} = {32F60894-1566-4C33-B72B-742958BFA97E}
	EndGlobalSection
EndGlobal
